
Microsoft Visual Studio Solution File, Format Version 12.00
# Visual Studio Version 17
VisualStudioVersion = 17.6.33815.320
MinimumVisualStudioVersion = 10.0.40219.1
Project("{FAE04EC0-301F-11D3-BF4B-00C04F79EFBC}") = "Assignment7", "Assignment7\Assignment7.csproj", "{75E59026-8C9A-4B03-9FBB-09173D691EFE}"
EndProject
Global
	GlobalSection(SolutionConfigurationPlatforms) = preSolution
		Debug|Any CPU = Debug|Any CPU
		Release|Any CPU = Release|Any CPU
	EndGlobalSection
	GlobalSection(ProjectConfigurationPlatforms) = postSolution
		{75E59026-8C9A-4B03-9FBB-09173D691EFE}.Debug|Any CPU.ActiveCfg = Debug|Any CPU
		{75E59026-8C9A-4B03-9FBB-09173D691EFE}.Debug|Any CPU.Build.0 = Debug|Any CPU
		{75E59026-8C9A-4B03-9FBB-09173D691EFE}.Release|Any CPU.ActiveCfg = Release|Any CPU
		{75E59026-8C9A-4B03-9FBB-09173D691EFE}.Release|Any CPU.Build.0 = Release|Any CPU
	EndGlobalSection
	GlobalSection(SolutionProperties) = preSolution
		HideSolutionNode = FALSE
	EndGlobalSection
	GlobalSection(ExtensibilityGlobals) = postSolution
		SolutionGuid = {66218D98-1533-4912-95C1-BDA84ABE0A4C}
	EndGlobalSection
EndGlobal
